lockfileVersion: '9.0'

settings:
  autoInstallPeers: true
  excludeLinksFromLockfile: false

importers:

  .:
    dependencies:
      not251-ts:
        specifier: link:C:/Users/Ale/Documents/Code/Not251/not251-ts
        version: link:../not251-ts
    devDependencies:
      '@types/maxmsp':
        specifier: ^1.0.12
        version: 1.0.12
      chokidar:
        specifier: ^4.0.1
        version: 4.0.1
      typescript:
        specifier: ^5.6.2
        version: 5.6.2

packages:

  '@types/maxmsp@1.0.12':
    resolution: {integrity: sha512-KU6rJkMIujhCKAXMhaxwZ7KNf8nRRipNZZhl5Rra+/tfI1sCnUJ6mFH2ROnLKKtiEm22H0Ui2N4YgHPcpXx7Mw==}

  chokidar@4.0.1:
    resolution: {integrity: sha512-n8enUVCED/KVRQlab1hr3MVpcVMvxtZjmEa956u+4YijlmQED223XMSYj2tLuKvr4jcCTzNNMpQDUer72MMmzA==}
    engines: {node: '>= 14.16.0'}

  readdirp@4.0.1:
    resolution: {integrity: sha512-GkMg9uOTpIWWKbSsgwb5fA4EavTR+SG/PMPoAY8hkhHfEEY0/vqljY+XHqtDf2cr2IJtoNRDbrrEpZUiZCkYRw==}
    engines: {node: '>= 14.16.0'}

  typescript@5.6.2:
    resolution: {integrity: sha512-NW8ByodCSNCwZeghjN3o+JX5OFH0Ojg6sadjEKY4huZ52TqbJTJnDo5+Tw98lSy63NZvi4n+ez5m2u5d4PkZyw==}
    engines: {node: '>=14.17'}
    hasBin: true

snapshots:

  '@types/maxmsp@1.0.12': {}

  chokidar@4.0.1:
    dependencies:
      readdirp: 4.0.1

  readdirp@4.0.1: {}

  typescript@5.6.2: {}
