lockfileVersion: '9.0'

settings:
  autoInstallPeers: true
  excludeLinksFromLockfile: false

importers:

  .:
    devDependencies:
      '@aptrn/markovchain-ts':
        specifier: ^0.0.1
        version: 0.0.1
      '@aptrn/maxmsp-ts':
        specifier: ^0.0.1
        version: 0.0.1
      '@not251/not251':
        specifier: ^0.0.2
        version: 0.0.2
      '@types/maxmsp':
        specifier: ^1.0.12
        version: 1.0.12
      typescript:
        specifier: ^5.6.2
        version: 5.6.2

packages:

  '@aptrn/markovchain-ts@0.0.1':
    resolution: {integrity: sha512-U954o5ysT6KmNSPhPPqNSN8OydWbY+KJFSUuD85ZWaR8JPdd3eCt2a5TQUPOgsJWNQ/4J19N+XWduqlV/hrzbA==}

  '@aptrn/maxmsp-ts@0.0.1':
    resolution: {integrity: sha512-JWX+n3ClyHxT9yaQ7aoAE4r0YODKCmwgGJkK5QLKzQ0LCzhTrBYNaE3HpEUnAulLeyULrvvvqyw23uWzF9Wpfw==}
    hasBin: true

  '@not251/not251@0.0.2':
    resolution: {integrity: sha512-44YixLj7e9gqKbC4nVMgWPp9YXzbKa2YnjZ3+tndiaWhlwNJChsw60Ly3LunfkmQGksAEVQhee8JPkSePObOYQ==}

  '@types/maxmsp@1.0.12':
    resolution: {integrity: sha512-KU6rJkMIujhCKAXMhaxwZ7KNf8nRRipNZZhl5Rra+/tfI1sCnUJ6mFH2ROnLKKtiEm22H0Ui2N4YgHPcpXx7Mw==}

  chokidar@4.0.1:
    resolution: {integrity: sha512-n8enUVCED/KVRQlab1hr3MVpcVMvxtZjmEa956u+4YijlmQED223XMSYj2tLuKvr4jcCTzNNMpQDUer72MMmzA==}
    engines: {node: '>= 14.16.0'}

  readdirp@4.0.2:
    resolution: {integrity: sha512-yDMz9g+VaZkqBYS/ozoBJwaBhTbZo3UNYQHNRw1D3UFQB8oHB4uS/tAODO+ZLjGWmUbKnIlOWO+aaIiAxrUWHA==}
    engines: {node: '>= 14.16.0'}

  typescript@5.6.2:
    resolution: {integrity: sha512-NW8ByodCSNCwZeghjN3o+JX5OFH0Ojg6sadjEKY4huZ52TqbJTJnDo5+Tw98lSy63NZvi4n+ez5m2u5d4PkZyw==}
    engines: {node: '>=14.17'}
    hasBin: true

snapshots:

  '@aptrn/markovchain-ts@0.0.1': {}

  '@aptrn/maxmsp-ts@0.0.1':
    dependencies:
      chokidar: 4.0.1

  '@not251/not251@0.0.2': {}

  '@types/maxmsp@1.0.12': {}

  chokidar@4.0.1:
    dependencies:
      readdirp: 4.0.2

  readdirp@4.0.2: {}

  typescript@5.6.2: {}
